
Microsoft Visual Studio Solution File, Format Version 12.00
# Visual Studio 15
Project("{FAE04EC0-301F-11D3-BF4B-00C04F79EFBC}") = "WebApiAttempt", "WebApiAttempt\WebApiAttempt.csproj", "{BF96711F-611B-4CA0-B91A-9C35AC68E8BC}"
EndProject
Global
	GlobalSection(SolutionConfigurationPlatforms) = preSolution
		Debug|Any CPU = Debug|Any CPU
		Release|Any CPU = Release|Any CPU
	EndGlobalSection
	GlobalSection(ProjectConfigurationPlatforms) = postSolution
		{BF96711F-611B-4CA0-B91A-9C35AC68E8BC}.Debug|Any CPU.ActiveCfg = Debug|Any CPU
		{BF96711F-611B-4CA0-B91A-9C35AC68E8BC}.Debug|Any CPU.Build.0 = Debug|Any CPU
		{BF96711F-611B-4CA0-B91A-9C35AC68E8BC}.Release|Any CPU.ActiveCfg = Release|Any CPU
		{BF96711F-611B-4CA0-B91A-9C35AC68E8BC}.Release|Any CPU.Build.0 = Release|Any CPU
	EndGlobalSection
EndGlobal
